
Microsoft Visual Studio Solution File, Format Version 12.00
# Visual Studio Version 16
VisualStudioVersion = 16.0.31624.102
MinimumVisualStudioVersion = 10.0.40219.1
Project("{FAE04EC0-301F-11D3-BF4B-00C04F79EFBC}") = "Projekt_A1_godkänduppgift", "Projekt_A1_godkänduppgift\Projekt_A1_godkänduppgift.csproj", "{662F12F7-131D-42C4-B09D-7B2D0E01FEAC}"
EndProject
Global
	GlobalSection(SolutionConfigurationPlatforms) = preSolution
		Debug|Any CPU = Debug|Any CPU
		Release|Any CPU = Release|Any CPU
	EndGlobalSection
	GlobalSection(ProjectConfigurationPlatforms) = postSolution
		{662F12F7-131D-42C4-B09D-7B2D0E01FEAC}.Debug|Any CPU.ActiveCfg = Debug|Any CPU
		{662F12F7-131D-42C4-B09D-7B2D0E01FEAC}.Debug|Any CPU.Build.0 = Debug|Any CPU
		{662F12F7-131D-42C4-B09D-7B2D0E01FEAC}.Release|Any CPU.ActiveCfg = Release|Any CPU
		{662F12F7-131D-42C4-B09D-7B2D0E01FEAC}.Release|Any CPU.Build.0 = Release|Any CPU
	EndGlobalSection
	GlobalSection(SolutionProperties) = preSolution
		HideSolutionNode = FALSE
	EndGlobalSection
	GlobalSection(ExtensibilityGlobals) = postSolution
		SolutionGuid = {FA063FF3-06A2-48F4-B8CE-1631FDDBA6CB}
	EndGlobalSection
EndGlobal
